// !$*UTF8*$!
{
	archiveVersion = 1;
	classes = {
	};
	objectVersion = 46;
	objects = {

/* Begin PBXBuildFile section */
		20ECF86B1808950E7DBFDFB3 /* libPods-CatFirstGitHub.a in Frameworks */ = {isa = PBXBuildFile; fileRef = BE22ED0CE54782A6B554EC85 /* libPods-CatFirstGitHub.a */; };
		8717E3F11E88DD0F0038E3E8 /* main.m in Sources */ = {isa = PBXBuildFile; fileRef = 8717E3F01E88DD0F0038E3E8 /* main.m */; };
		8717E3F41E88DD0F0038E3E8 /* AppDelegate.m in Sources */ = {isa = PBXBuildFile; fileRef = 8717E3F31E88DD0F0038E3E8 /* AppDelegate.m */; };
		8717E3F71E88DD0F0038E3E8 /* ViewController.m in Sources */ = {isa = PBXBuildFile; fileRef = 8717E3F61E88DD0F0038E3E8 /* ViewController.m */; };
		8717E3FA1E88DD100038E3E8 /* Main.storyboard in Resources */ = {isa = PBXBuildFile; fileRef = 8717E3F81E88DD100038E3E8 /* Main.storyboard */; };
		8717E3FC1E88DD100038E3E8 /* Assets.xcassets in Resources */ = {isa = PBXBuildFile; fileRef = 8717E3FB1E88DD100038E3E8 /* Assets.xcassets */; };
		8717E3FF1E88DD100038E3E8 /* LaunchScreen.storyboard in Resources */ = {isa = PBXBuildFile; fileRef = 8717E3FD1E88DD100038E3E8 /* LaunchScreen.storyboard */; };
		8717E40A1E88DD100038E3E8 /* CatFirstGitHubTests.m in Sources */ = {isa = PBXBuildFile; fileRef = 8717E4091E88DD100038E3E8 /* CatFirstGitHubTests.m */; };
		8717E4151E88DD100038E3E8 /* CatFirstGitHubUITests.m in Sources */ = {isa = PBXBuildFile; fileRef = 8717E4141E88DD100038E3E8 /* CatFirstGitHubUITests.m */; };
		8717E4251E88DF0B0038E3E8 /* CatMainViewController.m in Sources */ = {isa = PBXBuildFile; fileRef = 8717E4241E88DF0B0038E3E8 /* CatMainViewController.m */; };
/* End PBXBuildFile section */

/* Begin PBXContainerItemProxy section */
		8717E4061E88DD100038E3E8 /* PBXContainerItemProxy */ = {
			isa = PBXContainerItemProxy;
			containerPortal = 8717E3E41E88DD0F0038E3E8 /* Project object */;
			proxyType = 1;
			remoteGlobalIDString = 8717E3EB1E88DD0F0038E3E8;
			remoteInfo = CatFirstGitHub;
		};
		8717E4111E88DD100038E3E8 /* PBXContainerItemProxy */ = {
			isa = PBXContainerItemProxy;
			containerPortal = 8717E3E41E88DD0F0038E3E8 /* Project object */;
			proxyType = 1;
			remoteGlobalIDString = 8717E3EB1E88DD0F0038E3E8;
			remoteInfo = CatFirstGitHub;
		};
/* End PBXContainerItemProxy section */

/* Begin PBXFileReference section */
		5492C7B66A71A61FAA28A944 /* Pods-CatFirstGitHub.debug.xcconfig */ = {isa = PBXFileReference; includeInIndex = 1; lastKnownFileType = text.xcconfig; name = "Pods-CatFirstGitHub.debug.xcconfig"; path = "Pods/Target Support Files/Pods-CatFirstGitHub/Pods-CatFirstGitHub.debug.xcconfig"; sourceTree = "<group>"; };
		8717E3EC1E88DD0F0038E3E8 /* CatFirstGitHub.app */ = {isa = PBXFileReference; explicitFileType = wrapper.application; includeInIndex = 0; path = CatFirstGitHub.app; sourceTree = BUILT_PRODUCTS_DIR; };
		8717E3F01E88DD0F0038E3E8 /* main.m */ = {isa = PBXFileReference; lastKnownFileType = sourcecode.c.objc; path = main.m; sourceTree = "<group>"; };
		8717E3F21E88DD0F0038E3E8 /* AppDelegate.h */ = {isa = PBXFileReference; lastKnownFileType = sourcecode.c.h; path = AppDelegate.h; sourceTree = "<group>"; };
		8717E3F31E88DD0F0038E3E8 /* AppDelegate.m */ = {isa = PBXFileReference; lastKnownFileType = sourcecode.c.objc; path = AppDelegate.m; sourceTree = "<group>"; };
		8717E3F51E88DD0F0038E3E8 /* ViewController.h */ = {isa = PBXFileReference; lastKnownFileType = sourcecode.c.h; path = ViewController.h; sourceTree = "<group>"; };
		8717E3F61E88DD0F0038E3E8 /* ViewController.m */ = {isa = PBXFileReference; lastKnownFileType = sourcecode.c.objc; path = ViewController.m; sourceTree = "<group>"; };
		8717E3F91E88DD100038E3E8 /* Base */ = {isa = PBXFileReference; lastKnownFileType = file.storyboard; name = Base; path = Base.lproj/Main.storyboard; sourceTree = "<group>"; };
		8717E3FB1E88DD100038E3E8 /* Assets.xcassets */ = {isa = PBXFileReference; lastKnownFileType = folder.assetcatalog; path = Assets.xcassets; sourceTree = "<group>"; };
		8717E3FE1E88DD100038E3E8 /* Base */ = {isa = PBXFileReference; lastKnownFileType = file.storyboard; name = Base; path = Base.lproj/LaunchScreen.storyboard; sourceTree = "<group>"; };
		8717E4001E88DD100038E3E8 /* Info.plist */ = {isa = PBXFileReference; lastKnownFileType = text.plist.xml; path = Info.plist; sourceTree = "<group>"; };
		8717E4051E88DD100038E3E8 /* CatFirstGitHubTests.xctest */ = {isa = PBXFileReference; explicitFileType = wrapper.cfbundle; includeInIndex = 0; path = CatFirstGitHubTests.xctest; sourceTree = BUILT_PRODUCTS_DIR; };
		8717E4091E88DD100038E3E8 /* CatFirstGitHubTests.m */ = {isa = PBXFileReference; lastKnownFileType = sourcecode.c.objc; path = CatFirstGitHubTests.m; sourceTree = "<group>"; };
		8717E40B1E88DD100038E3E8 /* Info.plist */ = {isa = PBXFileReference; lastKnownFileType = text.plist.xml; path = Info.plist; sourceTree = "<group>"; };
		8717E4101E88DD100038E3E8 /* CatFirstGitHubUITests.xctest */ = {isa = PBXFileReference; explicitFileType = wrapper.cfbundle; includeInIndex = 0; path = CatFirstGitHubUITests.xctest; sourceTree = BUILT_PRODUCTS_DIR; };
		8717E4141E88DD100038E3E8 /* CatFirstGitHubUITests.m */ = {isa = PBXFileReference; lastKnownFileType = sourcecode.c.objc; path = CatFirstGitHubUITests.m; sourceTree = "<group>"; };
		8717E4161E88DD100038E3E8 /* Info.plist */ = {isa = PBXFileReference; lastKnownFileType = text.plist.xml; path = Info.plist; sourceTree = "<group>"; };
		8717E4231E88DF0B0038E3E8 /* CatMainViewController.h */ = {isa = PBXFileReference; fileEncoding = 4; lastKnownFileType = sourcecode.c.h; path = CatMainViewController.h; sourceTree = "<group>"; };
		8717E4241E88DF0B0038E3E8 /* CatMainViewController.m */ = {isa = PBXFileReference; fileEncoding = 4; lastKnownFileType = sourcecode.c.objc; path = CatMainViewController.m; sourceTree = "<group>"; };
		9636297B5F221C36F833635E /* Pods-CatFirstGitHub.release.xcconfig */ = {isa = PBXFileReference; includeInIndex = 1; lastKnownFileType = text.xcconfig; name = "Pods-CatFirstGitHub.release.xcconfig"; path = "Pods/Target Support Files/Pods-CatFirstGitHub/Pods-CatFirstGitHub.release.xcconfig"; sourceTree = "<group>"; };
		BE22ED0CE54782A6B554EC85 /* libPods-CatFirstGitHub.a */ = {isa = PBXFileReference; explicitFileType = archive.ar; includeInIndex = 0; path = "libPods-CatFirstGitHub.a"; sourceTree = BUILT_PRODUCTS_DIR; };
/* End PBXFileReference section */

/* Begin PBXFrameworksBuildPhase section */
		8717E3E91E88DD0F0038E3E8 /* Frameworks */ = {
			isa = PBXFrameworksBuildPhase;
			buildActionMask = 2147483647;
			files = (
				20ECF86B1808950E7DBFDFB3 /* libPods-CatFirstGitHub.a in Frameworks */,
			);
			runOnlyForDeploymentPostprocessing = 0;
		};
		8717E4021E88DD100038E3E8 /* Frameworks */ = {
			isa = PBXFrameworksBuildPhase;
			buildActionMask = 2147483647;
			files = (
			);
			runOnlyForDeploymentPostprocessing = 0;
		};
		8717E40D1E88DD100038E3E8 /* Frameworks */ = {
			isa = PBXFrameworksBuildPhase;
			buildActionMask = 2147483647;
			files = (
			);
			runOnlyForDeploymentPostprocessing = 0;
		};
/* End PBXFrameworksBuildPhase section */

/* Begin PBXGroup section */
		1CA8DED7C4B85251D18F221F /* Pods */ = {
			isa = PBXGroup;
			children = (
				5492C7B66A71A61FAA28A944 /* Pods-CatFirstGitHub.debug.xcconfig */,
				9636297B5F221C36F833635E /* Pods-CatFirstGitHub.release.xcconfig */,
			);
			name = Pods;
			sourceTree = "<group>";
		};
		7368A071CB56978C1165A7C7 /* Frameworks */ = {
			isa = PBXGroup;
			children = (
				BE22ED0CE54782A6B554EC85 /* libPods-CatFirstGitHub.a */,
			);
			name = Frameworks;
			sourceTree = "<group>";
		};
		8717E3E31E88DD0F0038E3E8 = {
			isa = PBXGroup;
			children = (
				8717E4221E88DEEC0038E3E8 /* Source */,
				8717E3EE1E88DD0F0038E3E8 /* CatFirstGitHub */,
				8717E4081E88DD100038E3E8 /* CatFirstGitHubTests */,
				8717E4131E88DD100038E3E8 /* CatFirstGitHubUITests */,
				8717E3ED1E88DD0F0038E3E8 /* Products */,
				1CA8DED7C4B85251D18F221F /* Pods */,
				7368A071CB56978C1165A7C7 /* Frameworks */,
			);
			sourceTree = "<group>";
		};
		8717E3ED1E88DD0F0038E3E8 /* Products */ = {
			isa = PBXGroup;
			children = (
				8717E3EC1E88DD0F0038E3E8 /* CatFirstGitHub.app */,
				8717E4051E88DD100038E3E8 /* CatFirstGitHubTests.xctest */,
				8717E4101E88DD100038E3E8 /* CatFirstGitHubUITests.xctest */,
			);
			name = Products;
			sourceTree = "<group>";
		};
		8717E3EE1E88DD0F0038E3E8 /* CatFirstGitHub */ = {
			isa = PBXGroup;
			children = (
				8717E3F21E88DD0F0038E3E8 /* AppDelegate.h */,
				8717E3F31E88DD0F0038E3E8 /* AppDelegate.m */,
				8717E3F51E88DD0F0038E3E8 /* ViewController.h */,
				8717E3F61E88DD0F0038E3E8 /* ViewController.m */,
				8717E3F81E88DD100038E3E8 /* Main.storyboard */,
				8717E3FB1E88DD100038E3E8 /* Assets.xcassets */,
				8717E3FD1E88DD100038E3E8 /* LaunchScreen.storyboard */,
				8717E4001E88DD100038E3E8 /* Info.plist */,
				8717E3EF1E88DD0F0038E3E8 /* Supporting Files */,
			);
			path = CatFirstGitHub;
			sourceTree = "<group>";
		};
		8717E3EF1E88DD0F0038E3E8 /* Supporting Files */ = {
			isa = PBXGroup;
			children = (
				8717E3F01E88DD0F0038E3E8 /* main.m */,
			);
			name = "Supporting Files";
			sourceTree = "<group>";
		};
		8717E4081E88DD100038E3E8 /* CatFirstGitHubTests */ = {
			isa = PBXGroup;
			children = (
				8717E4091E88DD100038E3E8 /* CatFirstGitHubTests.m */,
				8717E40B1E88DD100038E3E8 /* Info.plist */,
			);
			path = CatFirstGitHubTests;
			sourceTree = "<group>";
		};
		8717E4131E88DD100038E3E8 /* CatFirstGitHubUITests */ = {
			isa = PBXGroup;
			children = (
				8717E4141E88DD100038E3E8 /* CatFirstGitHubUITests.m */,
				8717E4161E88DD100038E3E8 /* Info.plist */,
			);
			path = CatFirstGitHubUITests;
			sourceTree = "<group>";
		};
		8717E4221E88DEEC0038E3E8 /* Source */ = {
			isa = PBXGroup;
			children = (
				8717E4231E88DF0B0038E3E8 /* CatMainViewController.h */,
				8717E4241E88DF0B0038E3E8 /* CatMainViewController.m */,
			);
			name = Source;
			sourceTree = "<group>";
		};
/* End PBXGroup section */

/* Begin PBXNativeTarget section */
		8717E3EB1E88DD0F0038E3E8 /* CatFirstGitHub */ = {
			isa = PBXNativeTarget;
			buildConfigurationList = 8717E4191E88DD100038E3E8 /* Build configuration list for PBXNativeTarget "CatFirstGitHub" */;
			buildPhases = (
				4D47145254860A24AB6BB490 /* [CP] Check Pods Manifest.lock */,
				8717E3E81E88DD0F0038E3E8 /* Sources */,
				8717E3E91E88DD0F0038E3E8 /* Frameworks */,
				8717E3EA1E88DD0F0038E3E8 /* Resources */,
				78D09C1FB08E3216FEF3B441 /* [CP] Embed Pods Frameworks */,
				ADC9B0EF7671B8E1FBB98DCB /* [CP] Copy Pods Resources */,
			);
			buildRules = (
			);
			dependencies = (
			);
			name = CatFirstGitHub;
			productName = CatFirstGitHub;
			productReference = 8717E3EC1E88DD0F0038E3E8 /* CatFirstGitHub.app */;
			productType = "com.apple.product-type.application";
		};
		8717E4041E88DD100038E3E8 /* CatFirstGitHubTests */ = {
			isa = PBXNativeTarget;
			buildConfigurationList = 8717E41C1E88DD100038E3E8 /* Build configuration list for PBXNativeTarget "CatFirstGitHubTests" */;
			buildPhases = (
				8717E4011E88DD100038E3E8 /* Sources */,
				8717E4021E88DD100038E3E8 /* Frameworks */,
				8717E4031E88DD100038E3E8 /* Resources */,
			);
			buildRules = (
			);
			dependencies = (
				8717E4071E88DD100038E3E8 /* PBXTargetDependency */,
			);
			name = CatFirstGitHubTests;
			productName = CatFirstGitHubTests;
			productReference = 8717E4051E88DD100038E3E8 /* CatFirstGitHubTests.xctest */;
			productType = "com.apple.product-type.bundle.unit-test";
		};
		8717E40F1E88DD100038E3E8 /* CatFirstGitHubUITests */ = {
			isa = PBXNativeTarget;
			buildConfigurationList = 8717E41F1E88DD100038E3E8 /* Build configuration list for PBXNativeTarget "CatFirstGitHubUITests" */;
			buildPhases = (
				8717E40C1E88DD100038E3E8 /* Sources */,
				8717E40D1E88DD100038E3E8 /* Frameworks */,
				8717E40E1E88DD100038E3E8 /* Resources */,
			);
			buildRules = (
			);
			dependencies = (
				8717E4121E88DD100038E3E8 /* PBXTargetDependency */,
			);
			name = CatFirstGitHubUITests;
			productName = CatFirstGitHubUITests;
			productReference = 8717E4101E88DD100038E3E8 /* CatFirstGitHubUITests.xctest */;
			productType = "com.apple.product-type.bundle.ui-testing";
		};
/* End PBXNativeTarget section */

/* Begin PBXProject section */
		8717E3E41E88DD0F0038E3E8 /* Project object */ = {
			isa = PBXProject;
			attributes = {
				LastUpgradeCheck = 0820;
				ORGANIZATIONNAME = "luojiaming-iOS";
				TargetAttributes = {
					8717E3EB1E88DD0F0038E3E8 = {
						CreatedOnToolsVersion = 8.2.1;
						DevelopmentTeam = 4VJ4P4DHSC;
						ProvisioningStyle = Automatic;
					};
					8717E4041E88DD100038E3E8 = {
						CreatedOnToolsVersion = 8.2.1;
						DevelopmentTeam = 4VJ4P4DHSC;
						ProvisioningStyle = Automatic;
						TestTargetID = 8717E3EB1E88DD0F0038E3E8;
					};
					8717E40F1E88DD100038E3E8 = {
						CreatedOnToolsVersion = 8.2.1;
						DevelopmentTeam = 4VJ4P4DHSC;
						ProvisioningStyle = Automatic;
						TestTargetID = 8717E3EB1E88DD0F0038E3E8;
					};
				};
			};
			buildConfigurationList = 8717E3E71E88DD0F0038E3E8 /* Build configuration list for PBXProject "CatFirstGitHub" */;
			compatibilityVersion = "Xcode 3.2";
			developmentRegion = English;
			hasScannedForEncodings = 0;
			knownRegions = (
				en,
				Base,
			);
			mainGroup = 8717E3E31E88DD0F0038E3E8;
			productRefGroup = 8717E3ED1E88DD0F0038E3E8 /* Products */;
			projectDirPath = "";
			projectRoot = "";
			targets = (
				8717E3EB1E88DD0F0038E3E8 /* CatFirstGitHub */,
				8717E4041E88DD100038E3E8 /* CatFirstGitHubTests */,
				8717E40F1E88DD100038E3E8 /* CatFirstGitHubUITests */,
			);
		};
/* End PBXProject section */

/* Begin PBXResourcesBuildPhase section */
		8717E3EA1E88DD0F0038E3E8 /* Resources */ = {
			isa = PBXResourcesBuildPhase;
			buildActionMask = 2147483647;
			files = (
				8717E3FF1E88DD100038E3E8 /* LaunchScreen.storyboard in Resources */,
				8717E3FC1E88DD100038E3E8 /* Assets.xcassets in Resources */,
				8717E3FA1E88DD100038E3E8 /* Main.storyboard in Resources */,
			);
			runOnlyForDeploymentPostprocessing = 0;
		};
		8717E4031E88DD100038E3E8 /* Resources */ = {
			isa = PBXResourcesBuildPhase;
			buildActionMask = 2147483647;
			files = (
			);
			runOnlyForDeploymentPostprocessing = 0;
		};
		8717E40E1E88DD100038E3E8 /* Resources */ = {
			isa = PBXResourcesBuildPhase;
			buildActionMask = 2147483647;
			files = (
			);
			runOnlyForDeploymentPostprocessing = 0;
		};
/* End PBXResourcesBuildPhase section */

/* Begin PBXShellScriptBuildPhase section */
		4D47145254860A24AB6BB490 /* [CP] Check Pods Manifest.lock */ = {
			isa = PBXShellScriptBuildPhase;
			buildActionMask = 2147483647;
			files = (
			);
			inputPaths = (
			);
			name = "[CP] Check Pods Manifest.lock";
			outputPaths = (
			);
			runOnlyForDeploymentPostprocessing = 0;
			shellPath = /bin/sh;
			shellScript = "diff \"${PODS_PODFILE_DIR_PATH}/Podfile.lock\" \"${PODS_ROOT}/Manifest.lock\" > /dev/null\nif [ $? != 0 ] ; then\n    # print error to STDERR\n    echo \"error: The sandbox is not in sync with the Podfile.lock. Run 'pod install' or update your CocoaPods installation.\" >&2\n    exit 1\nfi\n";
			showEnvVarsInLog = 0;
		};
		78D09C1FB08E3216FEF3B441 /* [CP] Embed Pods Frameworks */ = {
			isa = PBXShellScriptBuildPhase;
			buildActionMask = 2147483647;
			files = (
			);
			inputPaths = (
			);
			name = "[CP] Embed Pods Frameworks";
			outputPaths = (
			);
			runOnlyForDeploymentPostprocessing = 0;
			shellPath = /bin/sh;
			shellScript = "\"${SRCROOT}/Pods/Target Support Files/Pods-CatFirstGitHub/Pods-CatFirstGitHub-frameworks.sh\"\n";
			showEnvVarsInLog = 0;
		};
		ADC9B0EF7671B8E1FBB98DCB /* [CP] Copy Pods Resources */ = {
			isa = PBXShellScriptBuildPhase;
			buildActionMask = 2147483647;
			files = (
			);
			inputPaths = (
			);
			name = "[CP] Copy Pods Resources";
			outputPaths = (
			);
			runOnlyForDeploymentPostprocessing = 0;
			shellPath = /bin/sh;
			shellScript = "\"${SRCROOT}/Pods/Target Support Files/Pods-CatFirstGitHub/Pods-CatFirstGitHub-resources.sh\"\n";
			showEnvVarsInLog = 0;
		};
/* End PBXShellScriptBuildPhase section */

/* Begin PBXSourcesBuildPhase section */
		8717E3E81E88DD0F0038E3E8 /* Sources */ = {
			isa = PBXSourcesBuildPhase;
			buildActionMask = 2147483647;
			files = (
				8717E3F71E88DD0F0038E3E8 /* ViewController.m in Sources */,
				8717E3F41E88DD0F0038E3E8 /* AppDelegate.m in Sources */,
				8717E4251E88DF0B0038E3E8 /* CatMainViewController.m in Sources */,
				8717E3F11E88DD0F0038E3E8 /* main.m in Sources */,
			);
			runOnlyForDeploymentPostprocessing = 0;
		};
		8717E4011E88DD100038E3E8 /* Sources */ = {
			isa = PBXSourcesBuildPhase;
			buildActionMask = 2147483647;
			files = (
				8717E40A1E88DD100038E3E8 /* CatFirstGitHubTests.m in Sources */,
			);
			runOnlyForDeploymentPostprocessing = 0;
		};
		8717E40C1E88DD100038E3E8 /* Sources */ = {
			isa = PBXSourcesBuildPhase;
			buildActionMask = 2147483647;
			files = (
				8717E4151E88DD100038E3E8 /* CatFirstGitHubUITests.m in Sources */,
			);
			runOnlyForDeploymentPostprocessing = 0;
		};
/* End PBXSourcesBuildPhase section */

/* Begin PBXTargetDependency section */
		8717E4071E88DD100038E3E8 /* PBXTargetDependency */ = {
			isa = PBXTargetDependency;
			target = 8717E3EB1E88DD0F0038E3E8 /* CatFirstGitHub */;
			targetProxy = 8717E4061E88DD100038E3E8 /* PBXContainerItemProxy */;
		};
		8717E4121E88DD100038E3E8 /* PBXTargetDependency */ = {
			isa = PBXTargetDependency;
			target = 8717E3EB1E88DD0F0038E3E8 /* CatFirstGitHub */;
			targetProxy = 8717E4111E88DD100038E3E8 /* PBXContainerItemProxy */;
		};
/* End PBXTargetDependency section */

/* Begin PBXVariantGroup section */
		8717E3F81E88DD100038E3E8 /* Main.storyboard */ = {
			isa = PBXVariantGroup;
			children = (
				8717E3F91E88DD100038E3E8 /* Base */,
			);
			name = Main.storyboard;
			sourceTree = "<group>";
		};
		8717E3FD1E88DD100038E3E8 /* LaunchScreen.storyboard */ = {
			isa = PBXVariantGroup;
			children = (
				8717E3FE1E88DD100038E3E8 /* Base */,
			);
			name = LaunchScreen.storyboard;
			sourceTree = "<group>";
		};
/* End PBXVariantGroup section */

/* Begin XCBuildConfiguration section */
		8717E4171E88DD100038E3E8 /* Debug */ = {
			isa = XCBuildConfiguration;
			buildSettings = {
				ALWAYS_SEARCH_USER_PATHS = NO;
				CLANG_ANALYZER_NONNULL = YES;
				CLANG_CXX_LANGUAGE_STANDARD = "gnu++0x";
				CLANG_CXX_LIBRARY = "libc++";
				CLANG_ENABLE_MODULES = YES;
				CLANG_ENABLE_OBJC_ARC = YES;
				CLANG_WARN_BOOL_CONVERSION = YES;
				CLANG_WARN_CONSTANT_CONVERSION = YES;
				CLANG_WARN_DIRECT_OBJC_ISA_USAGE = YES_ERROR;
				CLANG_WARN_DOCUMENTATION_COMMENTS = YES;
				CLANG_WARN_EMPTY_BODY = YES;
				CLANG_WARN_ENUM_CONVERSION = YES;
				CLANG_WARN_INFINITE_RECURSION = YES;
				CLANG_WARN_INT_CONVERSION = YES;
				CLANG_WARN_OBJC_ROOT_CLASS = YES_ERROR;
				CLANG_WARN_SUSPICIOUS_MOVE = YES;
				CLANG_WARN_UNREACHABLE_CODE = YES;
				CLANG_WARN__DUPLICATE_METHOD_MATCH = YES;
				"CODE_SIGN_IDENTITY[sdk=iphoneos*]" = "iPhone Developer";
				COPY_PHASE_STRIP = NO;
				DEBUG_INFORMATION_FORMAT = dwarf;
				ENABLE_STRICT_OBJC_MSGSEND = YES;
				ENABLE_TESTABILITY = YES;
				GCC_C_LANGUAGE_STANDARD = gnu99;
				GCC_DYNAMIC_NO_PIC = NO;
				GCC_NO_COMMON_BLOCKS = YES;
				GCC_OPTIMIZATION_LEVEL = 0;
				GCC_PREPROCESSOR_DEFINITIONS = (
					"DEBUG=1",
					"$(inherited)",
				);
				GCC_WARN_64_TO_32_BIT_CONVERSION = YES;
				GCC_WARN_ABOUT_RETURN_TYPE = YES_ERROR;
				GCC_WARN_UNDECLARED_SELECTOR = YES;
				GCC_WARN_UNINITIALIZED_AUTOS = YES_AGGRESSIVE;
				GCC_WARN_UNUSED_FUNCTION = YES;
				GCC_WARN_UNUSED_VARIABLE = YES;
				IPHONEOS_DEPLOYMENT_TARGET = 10.2;
				MTL_ENABLE_DEBUG_INFO = YES;
				ONLY_ACTIVE_ARCH = YES;
				SDKROOT = iphoneos;
				TARGETED_DEVICE_FAMILY = "1,2";
			};
			name = Debug;
		};
		8717E4181E88DD100038E3E8 /* Release */ = {
			isa = XCBuildConfiguration;
			buildSettings = {
				ALWAYS_SEARCH_USER_PATHS = NO;
				CLANG_ANALYZER_NONNULL = YES;
				CLANG_CXX_LANGUAGE_STANDARD = "gnu++0x";
				CLANG_CXX_LIBRARY = "libc++";
				CLANG_ENABLE_MODULES = YES;
				CLANG_ENABLE_OBJC_ARC = YES;
				CLANG_WARN_BOOL_CONVERSION = YES;
				CLANG_WARN_CONSTANT_CONVERSION = YES;
				CLANG_WARN_DIRECT_OBJC_ISA_USAGE = YES_ERROR;
				CLANG_WARN_DOCUMENTATION_COMMENTS = YES;
				CLANG_WARN_EMPTY_BODY = YES;
				CLANG_WARN_ENUM_CONVERSION = YES;
				CLANG_WARN_INFINITE_RECURSION = YES;
				CLANG_WARN_INT_CONVERSION = YES;
				CLANG_WARN_OBJC_ROOT_CLASS = YES_ERROR;
				CLANG_WARN_SUSPICIOUS_MOVE = YES;
				CLANG_WARN_UNREACHABLE_CODE = YES;
				CLANG_WARN__DUPLICATE_METHOD_MATCH = YES;
				"CODE_SIGN_IDENTITY[sdk=iphoneos*]" = "iPhone Developer";
				COPY_PHASE_STRIP = NO;
				DEBUG_INFORMATION_FORMAT = "dwarf-with-dsym";
				ENABLE_NS_ASSERTIONS = NO;
				ENABLE_STRICT_OBJC_MSGSEND = YES;
				GCC_C_LANGUAGE_STANDARD = gnu99;
				GCC_NO_COMMON_BLOCKS = YES;
				GCC_WARN_64_TO_32_BIT_CONVERSION = YES;
				GCC_WARN_ABOUT_RETURN_TYPE = YES_ERROR;
				GCC_WARN_UNDECLARED_SELECTOR = YES;
				GCC_WARN_UNINITIALIZED_AUTOS = YES_AGGRESSIVE;
				GCC_WARN_UNUSED_FUNCTION = YES;
				GCC_WARN_UNUSED_VARIABLE = YES;
				IPHONEOS_DEPLOYMENT_TARGET = 10.2;
				MTL_ENABLE_DEBUG_INFO = NO;
				SDKROOT = iphoneos;
				TARGETED_DEVICE_FAMILY = "1,2";
				VALIDATE_PRODUCT = YES;
			};
			name = Release;
		};
		8717E41A1E88DD100038E3E8 /* Debug */ = {
			isa = XCBuildConfiguration;
			baseConfigurationReference = 5492C7B66A71A61FAA28A944 /* Pods-CatFirstGitHub.debug.xcconfig */;
			buildSettings = {
				ASSETCATALOG_COMPILER_APPICON_NAME = AppIcon;
				ASSETCATALOG_COMPILER_LAUNCHIMAGE_NAME = LaunchImage;
				DEVELOPMENT_TEAM = 4VJ4P4DHSC;
				INFOPLIST_FILE = CatFirstGitHub/Info.plist;
				LD_RUNPATH_SEARCH_PATHS = "$(inherited) @executable_path/Frameworks";
				PRODUCT_BUNDLE_IDENTIFIER = com.cup4cat.CatFirstGitHub;
				PRODUCT_NAME = "$(TARGET_NAME)";
			};
			name = Debug;
		};
		8717E41B1E88DD100038E3E8 /* Release */ = {
			isa = XCBuildConfiguration;
			baseConfigurationReference = 9636297B5F221C36F833635E /* Pods-CatFirstGitHub.release.xcconfig */;
			buildSettings = {
				ASSETCATALOG_COMPILER_APPICON_NAME = AppIcon;
				ASSETCATALOG_COMPILER_LAUNCHIMAGE_NAME = LaunchImage;
				DEVELOPMENT_TEAM = 4VJ4P4DHSC;
				INFOPLIST_FILE = CatFirstGitHub/Info.plist;
				LD_RUNPATH_SEARCH_PATHS = "$(inherited) @executable_path/Frameworks";
				PRODUCT_BUNDLE_IDENTIFIER = com.cup4cat.CatFirstGitHub;
				PRODUCT_NAME = "$(TARGET_NAME)";
			};
			name = Release;
		};
		8717E41D1E88DD100038E3E8 /* Debug */ = {
			isa = XCBuildConfiguration;
			buildSettings = {
				BUNDLE_LOADER = "$(TEST_HOST)";
				DEVELOPMENT_TEAM = 4VJ4P4DHSC;
				INFOPLIST_FILE = CatFirstGitHubTests/Info.plist;
				LD_RUNPATH_SEARCH_PATHS = "$(inherited) @executable_path/Frameworks @loader_path/Frameworks";
				PRODUCT_BUNDLE_IDENTIFIER = com.cup4cat.CatFirstGitHubTests;
				PRODUCT_NAME = "$(TARGET_NAME)";
				TEST_HOST = "$(BUILT_PRODUCTS_DIR)/CatFirstGitHub.app/CatFirstGitHub";
			};
			name = Debug;
		};
		8717E41E1E88DD100038E3E8 /* Release */ = {
			isa = XCBuildConfiguration;
			buildSettings = {
				BUNDLE_LOADER = "$(TEST_HOST)";
				DEVELOPMENT_TEAM = 4VJ4P4DHSC;
				INFOPLIST_FILE = CatFirstGitHubTests/Info.plist;
				LD_RUNPATH_SEARCH_PATHS = "$(inherited) @executable_path/Frameworks @loader_path/Frameworks";
				PRODUCT_BUNDLE_IDENTIFIER = com.cup4cat.CatFirstGitHubTests;
				PRODUCT_NAME = "$(TARGET_NAME)";
				TEST_HOST = "$(BUILT_PRODUCTS_DIR)/CatFirstGitHub.app/CatFirstGitHub";
			};
			name = Release;
		};
		8717E4201E88DD100038E3E8 /* Debug */ = {
			isa = XCBuildConfiguration;
			buildSettings = {
				DEVELOPMENT_TEAM = 4VJ4P4DHSC;
				INFOPLIST_FILE = CatFirstGitHubUITests/Info.plist;
				LD_RUNPATH_SEARCH_PATHS = "$(inherited) @executable_path/Frameworks @loader_path/Frameworks";
				PRODUCT_BUNDLE_IDENTIFIER = com.cup4cat.CatFirstGitHubUITests;
				PRODUCT_NAME = "$(TARGET_NAME)";
				TEST_TARGET_NAME = CatFirstGitHub;
			};
			name = Debug;
		};
		8717E4211E88DD100038E3E8 /* Release */ = {
			isa = XCBuildConfiguration;
			buildSettings = {
				DEVELOPMENT_TEAM = 4VJ4P4DHSC;
				INFOPLIST_FILE = CatFirstGitHubUITests/Info.plist;
				LD_RUNPATH_SEARCH_PATHS = "$(inherited) @executable_path/Frameworks @loader_path/Frameworks";
				PRODUCT_BUNDLE_IDENTIFIER = com.cup4cat.CatFirstGitHubUITests;
				PRODUCT_NAME = "$(TARGET_NAME)";
				TEST_TARGET_NAME = CatFirstGitHub;
			};
			name = Release;
		};
/* End XCBuildConfiguration section */

/* Begin XCConfigurationList section */
		8717E3E71E88DD0F0038E3E8 /* Build configuration list for PBXProject "CatFirstGitHub" */ = {
			isa = XCConfigurationList;
			buildConfigurations = (
				8717E4171E88DD100038E3E8 /* Debug */,
				8717E4181E88DD100038E3E8 /* Release */,
			);
			defaultConfigurationIsVisible = 0;
			defaultConfigurationName = Release;
		};
		8717E4191E88DD100038E3E8 /* Build configuration list for PBXNativeTarget "CatFirstGitHub" */ = {
			isa = XCConfigurationList;
			buildConfigurations = (
				8717E41A1E88DD100038E3E8 /* Debug */,
				8717E41B1E88DD100038E3E8 /* Release */,
			);
			defaultConfigurationIsVisible = 0;
		};
		8717E41C1E88DD100038E3E8 /* Build configuration list for PBXNativeTarget "CatFirstGitHubTests" */ = {
			isa = XCConfigurationList;
			buildConfigurations = (
				8717E41D1E88DD100038E3E8 /* Debug */,
				8717E41E1E88DD100038E3E8 /* Release */,
			);
			defaultConfigurationIsVisible = 0;
		};
		8717E41F1E88DD100038E3E8 /* Build configuration list for PBXNativeTarget "CatFirstGitHubUITests" */ = {
			isa = XCConfigurationList;
			buildConfigurations = (
				8717E4201E88DD100038E3E8 /* Debug */,
				8717E4211E88DD100038E3E8 /* Release */,
			);
			defaultConfigurationIsVisible = 0;
		};
/* End XCConfigurationList section */
	};
	rootObject = 8717E3E41E88DD0F0038E3E8 /* Project object */;
}
